
Microsoft Visual Studio Solution File, Format Version 12.00
# Visual Studio Version 16
VisualStudioVersion = 16.0.30011.22
MinimumVisualStudioVersion = 10.0.40219.1
Project("{FAE04EC0-301F-11D3-BF4B-00C04F79EFBC}") = "FacadePattern", "FacadePattern\FacadePattern.csproj", "{C53E8E2E-0C1B-464E-BA52-5F6D00751E3C}"
EndProject
Global
	GlobalSection(SolutionConfigurationPlatforms) = preSolution
		Debug|Any CPU = Debug|Any CPU
		Release|Any CPU = Release|Any CPU
	EndGlobalSection
	GlobalSection(ProjectConfigurationPlatforms) = postSolution
		{C53E8E2E-0C1B-464E-BA52-5F6D00751E3C}.Debug|Any CPU.ActiveCfg = Debug|Any CPU
		{C53E8E2E-0C1B-464E-BA52-5F6D00751E3C}.Debug|Any CPU.Build.0 = Debug|Any CPU
		{C53E8E2E-0C1B-464E-BA52-5F6D00751E3C}.Release|Any CPU.ActiveCfg = Release|Any CPU
		{C53E8E2E-0C1B-464E-BA52-5F6D00751E3C}.Release|Any CPU.Build.0 = Release|Any CPU
	EndGlobalSection
	GlobalSection(SolutionProperties) = preSolution
		HideSolutionNode = FALSE
	EndGlobalSection
	GlobalSection(ExtensibilityGlobals) = postSolution
		SolutionGuid = {B4F9960A-6E3E-48EB-B4B8-F7DF8DD1F6D0}
	EndGlobalSection
EndGlobal
